// !$*UTF8*$!
{
	archiveVersion = 1;
	classes = {
	};
	objectVersion = 50;
	objects = {

/* Begin PBXBuildFile section */
		01213BC716FF688A05CC8308 /* Pods_Personal_Finance.framework in Frameworks */ = {isa = PBXBuildFile; fileRef = 4AB5EE4B4782AB6521DF0F24 /* Pods_Personal_Finance.framework */; };
		0A3B3B2498A3969E34C4879B /* Pods_Production.framework in Frameworks */ = {isa = PBXBuildFile; fileRef = 338018D003E44C24F91BA542 /* Pods_Production.framework */; };
		383E8E9821FBDF800087F74F /* TabBarViewController.swift in Sources */ = {isa = PBXBuildFile; fileRef = 383E8E9721FBDF800087F74F /* TabBarViewController.swift */; };
		383E8E9921FBDF800087F74F /* TabBarViewController.swift in Sources */ = {isa = PBXBuildFile; fileRef = 383E8E9721FBDF800087F74F /* TabBarViewController.swift */; };
		383E8E9C21FBE6300087F74F /* Add.storyboard in Resources */ = {isa = PBXBuildFile; fileRef = 383E8E9B21FBE6300087F74F /* Add.storyboard */; };
		383E8E9D21FBE6300087F74F /* Add.storyboard in Resources */ = {isa = PBXBuildFile; fileRef = 383E8E9B21FBE6300087F74F /* Add.storyboard */; };
		3850567F21F610D600E1452B /* Cartfile in Resources */ = {isa = PBXBuildFile; fileRef = 3850567E21F610D600E1452B /* Cartfile */; };
		3850568021F610D600E1452B /* Cartfile in Resources */ = {isa = PBXBuildFile; fileRef = 3850567E21F610D600E1452B /* Cartfile */; };
		3850568421F611B400E1452B /* Lottie.framework in Frameworks */ = {isa = PBXBuildFile; fileRef = 3850568221F611AE00E1452B /* Lottie.framework */; };
		3850568521F611B400E1452B /* Lottie.framework in Embed Frameworks */ = {isa = PBXBuildFile; fileRef = 3850568221F611AE00E1452B /* Lottie.framework */; settings = {ATTRIBUTES = (CodeSignOnCopy, RemoveHeadersOnCopy, ); }; };
		3850568B21F6170100E1452B /* Colors.xcassets in Resources */ = {isa = PBXBuildFile; fileRef = 38FDB44F21F5593900AEF887 /* Colors.xcassets */; };
		3850568D21F61AA700E1452B /* Media.xcassets in Resources */ = {isa = PBXBuildFile; fileRef = 3850568C21F61AA700E1452B /* Media.xcassets */; };
		3850568E21F61AA700E1452B /* Media.xcassets in Resources */ = {isa = PBXBuildFile; fileRef = 3850568C21F61AA700E1452B /* Media.xcassets */; };
		3850569121F61EF700E1452B /* Lottie.storyboard in Resources */ = {isa = PBXBuildFile; fileRef = 3850569021F61EF700E1452B /* Lottie.storyboard */; };
		3850569221F61EF700E1452B /* Lottie.storyboard in Resources */ = {isa = PBXBuildFile; fileRef = 3850569021F61EF700E1452B /* Lottie.storyboard */; };
		3850569421F61F1300E1452B /* LottieViewController.swift in Sources */ = {isa = PBXBuildFile; fileRef = 3850569321F61F1300E1452B /* LottieViewController.swift */; };
		3850569521F61F1300E1452B /* LottieViewController.swift in Sources */ = {isa = PBXBuildFile; fileRef = 3850569321F61F1300E1452B /* LottieViewController.swift */; };
		3850569721F61FCC00E1452B /* day_of_the_dead_skull.json in Resources */ = {isa = PBXBuildFile; fileRef = 3850569621F61FCC00E1452B /* day_of_the_dead_skull.json */; };
		3850569821F61FCC00E1452B /* day_of_the_dead_skull.json in Resources */ = {isa = PBXBuildFile; fileRef = 3850569621F61FCC00E1452B /* day_of_the_dead_skull.json */; };
		3850569A21F620D100E1452B /* Lottie.framework in Frameworks */ = {isa = PBXBuildFile; fileRef = 3850568221F611AE00E1452B /* Lottie.framework */; };
		3850569B21F620D100E1452B /* Lottie.framework in Embed Frameworks */ = {isa = PBXBuildFile; fileRef = 3850568221F611AE00E1452B /* Lottie.framework */; settings = {ATTRIBUTES = (CodeSignOnCopy, RemoveHeadersOnCopy, ); }; };
		3850569F21F62B2900E1452B /* Main.storyboard in Resources */ = {isa = PBXBuildFile; fileRef = 3850569E21F62B2900E1452B /* Main.storyboard */; };
		385056A021F62B2900E1452B /* Main.storyboard in Resources */ = {isa = PBXBuildFile; fileRef = 3850569E21F62B2900E1452B /* Main.storyboard */; };
		385056A321F62BC900E1452B /* Transactions.storyboard in Resources */ = {isa = PBXBuildFile; fileRef = 385056A221F62BC900E1452B /* Transactions.storyboard */; };
		385056A421F62BC900E1452B /* Transactions.storyboard in Resources */ = {isa = PBXBuildFile; fileRef = 385056A221F62BC900E1452B /* Transactions.storyboard */; };
		3852966B21FA4B6000960C69 /* OnBoardingStepsViewController.swift in Sources */ = {isa = PBXBuildFile; fileRef = 3852966A21FA4B6000960C69 /* OnBoardingStepsViewController.swift */; };
		3852966C21FA4B6000960C69 /* OnBoardingStepsViewController.swift in Sources */ = {isa = PBXBuildFile; fileRef = 3852966A21FA4B6000960C69 /* OnBoardingStepsViewController.swift */; };
		3852966E21FA503D00960C69 /* OnBoardingContainerViewController.swift in Sources */ = {isa = PBXBuildFile; fileRef = 3852966D21FA503D00960C69 /* OnBoardingContainerViewController.swift */; };
		3852966F21FA503D00960C69 /* OnBoardingContainerViewController.swift in Sources */ = {isa = PBXBuildFile; fileRef = 3852966D21FA503D00960C69 /* OnBoardingContainerViewController.swift */; };
		3852967221FA513C00960C69 /* SignIn.storyboard in Resources */ = {isa = PBXBuildFile; fileRef = 3852967121FA513C00960C69 /* SignIn.storyboard */; };
		3852967321FA513C00960C69 /* SignIn.storyboard in Resources */ = {isa = PBXBuildFile; fileRef = 3852967121FA513C00960C69 /* SignIn.storyboard */; };
		386469C221FA12790077653E /* OnBoarding.storyboard in Resources */ = {isa = PBXBuildFile; fileRef = 386469C121FA12790077653E /* OnBoarding.storyboard */; };
		386469C321FA12790077653E /* OnBoarding.storyboard in Resources */ = {isa = PBXBuildFile; fileRef = 386469C121FA12790077653E /* OnBoarding.storyboard */; };
		386469C621FA14450077653E /* PrimaryButton.xib in Resources */ = {isa = PBXBuildFile; fileRef = 386469C521FA14450077653E /* PrimaryButton.xib */; };
		386469C721FA14450077653E /* PrimaryButton.xib in Resources */ = {isa = PBXBuildFile; fileRef = 386469C521FA14450077653E /* PrimaryButton.xib */; };
		386469C921FA1FFD0077653E /* OnBoardingViewController.swift in Sources */ = {isa = PBXBuildFile; fileRef = 386469C821FA1FFD0077653E /* OnBoardingViewController.swift */; };
		386469CA21FA1FFD0077653E /* OnBoardingViewController.swift in Sources */ = {isa = PBXBuildFile; fileRef = 386469C821FA1FFD0077653E /* OnBoardingViewController.swift */; };
		3864D0C121F64338008C245B /* TableViewCell.xib in Resources */ = {isa = PBXBuildFile; fileRef = 3864D0C021F64338008C245B /* TableViewCell.xib */; };
		3864D0C221F64338008C245B /* TableViewCell.xib in Resources */ = {isa = PBXBuildFile; fileRef = 3864D0C021F64338008C245B /* TableViewCell.xib */; };
		3864D0C421F64342008C245B /* EmptyView.xib in Resources */ = {isa = PBXBuildFile; fileRef = 3864D0C321F64342008C245B /* EmptyView.xib */; };
		3864D0C521F64342008C245B /* EmptyView.xib in Resources */ = {isa = PBXBuildFile; fileRef = 3864D0C321F64342008C245B /* EmptyView.xib */; };
		3864D0C721F643A2008C245B /* TransactionsViewController.swift in Sources */ = {isa = PBXBuildFile; fileRef = 3864D0C621F643A2008C245B /* TransactionsViewController.swift */; };
		3864D0C821F643A2008C245B /* TransactionsViewController.swift in Sources */ = {isa = PBXBuildFile; fileRef = 3864D0C621F643A2008C245B /* TransactionsViewController.swift */; };
		3864D0CA21F64436008C245B /* UI.swift in Sources */ = {isa = PBXBuildFile; fileRef = 3864D0C921F64436008C245B /* UI.swift */; };
		3864D0CB21F64436008C245B /* UI.swift in Sources */ = {isa = PBXBuildFile; fileRef = 3864D0C921F64436008C245B /* UI.swift */; };
		3864D0D121F64E62008C245B /* TableViewCell.swift in Sources */ = {isa = PBXBuildFile; fileRef = 3864D0D021F64E62008C245B /* TableViewCell.swift */; };
		3864D0D221F64E62008C245B /* TableViewCell.swift in Sources */ = {isa = PBXBuildFile; fileRef = 3864D0D021F64E62008C245B /* TableViewCell.swift */; };
		38891F7B21F522E1003E04C0 /* MainDev.storyboard in Resources */ = {isa = PBXBuildFile; fileRef = 38891F7A21F522E1003E04C0 /* MainDev.storyboard */; };
		38891F8221F528F7003E04C0 /* .gitignore in Resources */ = {isa = PBXBuildFile; fileRef = 38891F8121F528F7003E04C0 /* .gitignore */; };
		38891F8321F528F7003E04C0 /* .gitignore in Resources */ = {isa = PBXBuildFile; fileRef = 38891F8121F528F7003E04C0 /* .gitignore */; };
		38C9847221F8AADB002E5A0E /* Shadow.swift in Sources */ = {isa = PBXBuildFile; fileRef = 38C9847121F8AADB002E5A0E /* Shadow.swift */; };
		38C9847321F8AADB002E5A0E /* Shadow.swift in Sources */ = {isa = PBXBuildFile; fileRef = 38C9847121F8AADB002E5A0E /* Shadow.swift */; };
		38C9847921F8B261002E5A0E /* Budget.storyboard in Resources */ = {isa = PBXBuildFile; fileRef = 38C9847821F8B261002E5A0E /* Budget.storyboard */; };
		38C9847A21F8B261002E5A0E /* Budget.storyboard in Resources */ = {isa = PBXBuildFile; fileRef = 38C9847821F8B261002E5A0E /* Budget.storyboard */; };
		38C9847C21F8B376002E5A0E /* BudgetViewController.swift in Sources */ = {isa = PBXBuildFile; fileRef = 38C9847B21F8B376002E5A0E /* BudgetViewController.swift */; };
		38C9847D21F8B376002E5A0E /* BudgetViewController.swift in Sources */ = {isa = PBXBuildFile; fileRef = 38C9847B21F8B376002E5A0E /* BudgetViewController.swift */; };
		38D1335821FE916A003A749C /* Profile.storyboard in Resources */ = {isa = PBXBuildFile; fileRef = 38D1335721FE916A003A749C /* Profile.storyboard */; };
		38D1335921FE916A003A749C /* Profile.storyboard in Resources */ = {isa = PBXBuildFile; fileRef = 38D1335721FE916A003A749C /* Profile.storyboard */; };
		38D1335B21FE91D5003A749C /* Statistics.storyboard in Resources */ = {isa = PBXBuildFile; fileRef = 38D1335A21FE91D5003A749C /* Statistics.storyboard */; };
		38D1335C21FE91D5003A749C /* Statistics.storyboard in Resources */ = {isa = PBXBuildFile; fileRef = 38D1335A21FE91D5003A749C /* Statistics.storyboard */; };
		38E0DA0921F5121C00651235 /* AppDelegate.swift in Sources */ = {isa = PBXBuildFile; fileRef = 38E0DA0821F5121C00651235 /* AppDelegate.swift */; };
		38E0DA1321F5121D00651235 /* LaunchScreen.storyboard in Resources */ = {isa = PBXBuildFile; fileRef = 38E0DA1121F5121D00651235 /* LaunchScreen.storyboard */; };
		38E0DA1D21F51C2000651235 /* AppDelegate.swift in Sources */ = {isa = PBXBuildFile; fileRef = 38E0DA0821F5121C00651235 /* AppDelegate.swift */; };
		38E0DA2021F51C2000651235 /* LaunchScreen.storyboard in Resources */ = {isa = PBXBuildFile; fileRef = 38E0DA1121F5121D00651235 /* LaunchScreen.storyboard */; };
		38E0DA2921F51D9F00651235 /* MainProd.storyboard in Resources */ = {isa = PBXBuildFile; fileRef = 38E0DA2821F51D9F00651235 /* MainProd.storyboard */; };
		38E0DA2A21F51E7500651235 /* production.plist in Resources */ = {isa = PBXBuildFile; fileRef = 38E0DA2721F51C2000651235 /* production.plist */; };
		38F6B9D52201EC8400819609 /* SignInViewController.swift in Sources */ = {isa = PBXBuildFile; fileRef = 38F6B9D42201EC8400819609 /* SignInViewController.swift */; };
		38F6B9D62201EC8400819609 /* SignInViewController.swift in Sources */ = {isa = PBXBuildFile; fileRef = 38F6B9D42201EC8400819609 /* SignInViewController.swift */; };
		38F6B9D82201ED4700819609 /* SignInViewModel.swift in Sources */ = {isa = PBXBuildFile; fileRef = 38F6B9D72201ED4700819609 /* SignInViewModel.swift */; };
		38F6B9D92201ED4700819609 /* SignInViewModel.swift in Sources */ = {isa = PBXBuildFile; fileRef = 38F6B9D72201ED4700819609 /* SignInViewModel.swift */; };
		38F6B9DB2201FFBD00819609 /* GoogleService-Info.plist in Resources */ = {isa = PBXBuildFile; fileRef = 38F6B9DA2201FFBC00819609 /* GoogleService-Info.plist */; };
		38F6B9DC2201FFBD00819609 /* GoogleService-Info.plist in Resources */ = {isa = PBXBuildFile; fileRef = 38F6B9DA2201FFBC00819609 /* GoogleService-Info.plist */; };
		38FDB45021F5593900AEF887 /* Colors.xcassets in Resources */ = {isa = PBXBuildFile; fileRef = 38FDB44F21F5593900AEF887 /* Colors.xcassets */; };
/* End PBXBuildFile section */

/* Begin PBXCopyFilesBuildPhase section */
		3850568621F611B400E1452B /* Embed Frameworks */ = {
			isa = PBXCopyFilesBuildPhase;
			buildActionMask = 2147483647;
			dstPath = "";
			dstSubfolderSpec = 10;
			files = (
				3850568521F611B400E1452B /* Lottie.framework in Embed Frameworks */,
			);
			name = "Embed Frameworks";
			runOnlyForDeploymentPostprocessing = 0;
		};
		3850569C21F620D100E1452B /* Embed Frameworks */ = {
			isa = PBXCopyFilesBuildPhase;
			buildActionMask = 2147483647;
			dstPath = "";
			dstSubfolderSpec = 10;
			files = (
				3850569B21F620D100E1452B /* Lottie.framework in Embed Frameworks */,
			);
			name = "Embed Frameworks";
			runOnlyForDeploymentPostprocessing = 0;
		};
/* End PBXCopyFilesBuildPhase section */

/* Begin PBXFileReference section */
		338018D003E44C24F91BA542 /* Pods_Production.framework */ = {isa = PBXFileReference; explicitFileType = wrapper.framework; includeInIndex = 0; path = Pods_Production.framework; sourceTree = BUILT_PRODUCTS_DIR; };
		383E8E9721FBDF800087F74F /* TabBarViewController.swift */ = {isa = PBXFileReference; lastKnownFileType = sourcecode.swift; path = TabBarViewController.swift; sourceTree = "<group>"; };
		383E8E9B21FBE6300087F74F /* Add.storyboard */ = {isa = PBXFileReference; fileEncoding = 4; lastKnownFileType = file.storyboard; name = Add.storyboard; path = "Personal Finance/Application/Add/Add.storyboard"; sourceTree = SOURCE_ROOT; };
		3850567E21F610D600E1452B /* Cartfile */ = {isa = PBXFileReference; lastKnownFileType = text; path = Cartfile; sourceTree = "<group>"; };
		3850568221F611AE00E1452B /* Lottie.framework */ = {isa = PBXFileReference; lastKnownFileType = wrapper.framework; name = Lottie.framework; path = Carthage/Build/iOS/Lottie.framework; sourceTree = "<group>"; };
		3850568C21F61AA700E1452B /* Media.xcassets */ = {isa = PBXFileReference; lastKnownFileType = folder.assetcatalog; path = Media.xcassets; sourceTree = "<group>"; };
		3850569021F61EF700E1452B /* Lottie.storyboard */ = {isa = PBXFileReference; lastKnownFileType = file.storyboard; path = Lottie.storyboard; sourceTree = "<group>"; };
		3850569321F61F1300E1452B /* LottieViewController.swift */ = {isa = PBXFileReference; lastKnownFileType = sourcecode.swift; path = LottieViewController.swift; sourceTree = "<group>"; };
		3850569621F61FCC00E1452B /* day_of_the_dead_skull.json */ = {isa = PBXFileReference; fileEncoding = 4; lastKnownFileType = text.json; path = day_of_the_dead_skull.json; sourceTree = "<group>"; };
		3850569E21F62B2900E1452B /* Main.storyboard */ = {isa = PBXFileReference; lastKnownFileType = file.storyboard; path = Main.storyboard; sourceTree = "<group>"; };
		385056A221F62BC900E1452B /* Transactions.storyboard */ = {isa = PBXFileReference; fileEncoding = 4; lastKnownFileType = file.storyboard; path = Transactions.storyboard; sourceTree = "<group>"; };
		3852966A21FA4B6000960C69 /* OnBoardingStepsViewController.swift */ = {isa = PBXFileReference; lastKnownFileType = sourcecode.swift; path = OnBoardingStepsViewController.swift; sourceTree = "<group>"; };
		3852966D21FA503D00960C69 /* OnBoardingContainerViewController.swift */ = {isa = PBXFileReference; lastKnownFileType = sourcecode.swift; path = OnBoardingContainerViewController.swift; sourceTree = "<group>"; };
		3852967121FA513C00960C69 /* SignIn.storyboard */ = {isa = PBXFileReference; lastKnownFileType = file.storyboard; path = SignIn.storyboard; sourceTree = "<group>"; };
		386469C121FA12790077653E /* OnBoarding.storyboard */ = {isa = PBXFileReference; fileEncoding = 4; lastKnownFileType = file.storyboard; path = OnBoarding.storyboard; sourceTree = "<group>"; };
		386469C521FA14450077653E /* PrimaryButton.xib */ = {isa = PBXFileReference; lastKnownFileType = file.xib; path = PrimaryButton.xib; sourceTree = "<group>"; };
		386469C821FA1FFD0077653E /* OnBoardingViewController.swift */ = {isa = PBXFileReference; lastKnownFileType = sourcecode.swift; path = OnBoardingViewController.swift; sourceTree = "<group>"; };
		3864D0C021F64338008C245B /* TableViewCell.xib */ = {isa = PBXFileReference; fileEncoding = 4; lastKnownFileType = file.xib; path = TableViewCell.xib; sourceTree = "<group>"; };
		3864D0C321F64342008C245B /* EmptyView.xib */ = {isa = PBXFileReference; fileEncoding = 4; lastKnownFileType = file.xib; path = EmptyView.xib; sourceTree = "<group>"; };
		3864D0C621F643A2008C245B /* TransactionsViewController.swift */ = {isa = PBXFileReference; lastKnownFileType = sourcecode.swift; path = TransactionsViewController.swift; sourceTree = "<group>"; };
		3864D0C921F64436008C245B /* UI.swift */ = {isa = PBXFileReference; lastKnownFileType = sourcecode.swift; path = UI.swift; sourceTree = "<group>"; };
		3864D0D021F64E62008C245B /* TableViewCell.swift */ = {isa = PBXFileReference; lastKnownFileType = sourcecode.swift; path = TableViewCell.swift; sourceTree = "<group>"; };
		38891F7A21F522E1003E04C0 /* MainDev.storyboard */ = {isa = PBXFileReference; lastKnownFileType = file.storyboard; path = MainDev.storyboard; sourceTree = "<group>"; };
		38891F8121F528F7003E04C0 /* .gitignore */ = {isa = PBXFileReference; lastKnownFileType = text; path = .gitignore; sourceTree = "<group>"; };
		38C9847121F8AADB002E5A0E /* Shadow.swift */ = {isa = PBXFileReference; lastKnownFileType = sourcecode.swift; path = Shadow.swift; sourceTree = "<group>"; };
		38C9847821F8B261002E5A0E /* Budget.storyboard */ = {isa = PBXFileReference; fileEncoding = 4; lastKnownFileType = file.storyboard; path = Budget.storyboard; sourceTree = "<group>"; };
		38C9847B21F8B376002E5A0E /* BudgetViewController.swift */ = {isa = PBXFileReference; lastKnownFileType = sourcecode.swift; path = BudgetViewController.swift; sourceTree = "<group>"; };
		38D1335721FE916A003A749C /* Profile.storyboard */ = {isa = PBXFileReference; fileEncoding = 4; lastKnownFileType = file.storyboard; path = Profile.storyboard; sourceTree = "<group>"; };
		38D1335A21FE91D5003A749C /* Statistics.storyboard */ = {isa = PBXFileReference; fileEncoding = 4; lastKnownFileType = file.storyboard; name = Statistics.storyboard; path = "Personal Finance/Application/Statistics/Statistics.storyboard"; sourceTree = SOURCE_ROOT; };
		38E0DA0521F5121C00651235 /* Personal Finance.app */ = {isa = PBXFileReference; explicitFileType = wrapper.application; includeInIndex = 0; path = "Personal Finance.app"; sourceTree = BUILT_PRODUCTS_DIR; };
		38E0DA0821F5121C00651235 /* AppDelegate.swift */ = {isa = PBXFileReference; lastKnownFileType = sourcecode.swift; path = AppDelegate.swift; sourceTree = "<group>"; };
		38E0DA1221F5121D00651235 /* Base */ = {isa = PBXFileReference; lastKnownFileType = file.storyboard; name = Base; path = Base.lproj/LaunchScreen.storyboard; sourceTree = "<group>"; };
		38E0DA1421F5121D00651235 /* Info.plist */ = {isa = PBXFileReference; lastKnownFileType = text.plist.xml; path = Info.plist; sourceTree = "<group>"; };
		38E0DA2621F51C2000651235 /* Production.app */ = {isa = PBXFileReference; explicitFileType = wrapper.application; includeInIndex = 0; path = Production.app; sourceTree = BUILT_PRODUCTS_DIR; };
		38E0DA2721F51C2000651235 /* production.plist */ = {isa = PBXFileReference; lastKnownFileType = text.plist.xml; name = production.plist; path = "/Users/alfredo/Developer/IOS/Personal Finance/production.plist"; sourceTree = "<absolute>"; };
		38E0DA2821F51D9F00651235 /* MainProd.storyboard */ = {isa = PBXFileReference; lastKnownFileType = file.storyboard; path = MainProd.storyboard; sourceTree = "<group>"; };
		38F6B9D42201EC8400819609 /* SignInViewController.swift */ = {isa = PBXFileReference; lastKnownFileType = sourcecode.swift; path = SignInViewController.swift; sourceTree = "<group>"; };
		38F6B9D72201ED4700819609 /* SignInViewModel.swift */ = {isa = PBXFileReference; lastKnownFileType = sourcecode.swift; path = SignInViewModel.swift; sourceTree = "<group>"; };
		38F6B9DA2201FFBC00819609 /* GoogleService-Info.plist */ = {isa = PBXFileReference; fileEncoding = 4; lastKnownFileType = text.plist.xml; path = "GoogleService-Info.plist"; sourceTree = "<group>"; };
		38FDB44F21F5593900AEF887 /* Colors.xcassets */ = {isa = PBXFileReference; lastKnownFileType = folder.assetcatalog; path = Colors.xcassets; sourceTree = "<group>"; };
		4AB5EE4B4782AB6521DF0F24 /* Pods_Personal_Finance.framework */ = {isa = PBXFileReference; explicitFileType = wrapper.framework; includeInIndex = 0; path = Pods_Personal_Finance.framework; sourceTree = BUILT_PRODUCTS_DIR; };
		C686C9B84B314F99B7B19350 /* Pods-Production.debug.xcconfig */ = {isa = PBXFileReference; includeInIndex = 1; lastKnownFileType = text.xcconfig; name = "Pods-Production.debug.xcconfig"; path = "Pods/Target Support Files/Pods-Production/Pods-Production.debug.xcconfig"; sourceTree = "<group>"; };
		CC4CB7B639198D43C80B20C7 /* Pods-Personal Finance.debug.xcconfig */ = {isa = PBXFileReference; includeInIndex = 1; lastKnownFileType = text.xcconfig; name = "Pods-Personal Finance.debug.xcconfig"; path = "Pods/Target Support Files/Pods-Personal Finance/Pods-Personal Finance.debug.xcconfig"; sourceTree = "<group>"; };
		E39583890FAB3609AE7A7419 /* Pods-Production.release.xcconfig */ = {isa = PBXFileReference; includeInIndex = 1; lastKnownFileType = text.xcconfig; name = "Pods-Production.release.xcconfig"; path = "Pods/Target Support Files/Pods-Production/Pods-Production.release.xcconfig"; sourceTree = "<group>"; };
		E532BC7A61D8036F466BAD3F /* Pods-Personal Finance.release.xcconfig */ = {isa = PBXFileReference; includeInIndex = 1; lastKnownFileType = text.xcconfig; name = "Pods-Personal Finance.release.xcconfig"; path = "Pods/Target Support Files/Pods-Personal Finance/Pods-Personal Finance.release.xcconfig"; sourceTree = "<group>"; };
/* End PBXFileReference section */

/* Begin PBXFrameworksBuildPhase section */
		38E0DA0221F5121C00651235 /* Frameworks */ = {
			isa = PBXFrameworksBuildPhase;
			buildActionMask = 2147483647;
			files = (
				3850568421F611B400E1452B /* Lottie.framework in Frameworks */,
				01213BC716FF688A05CC8308 /* Pods_Personal_Finance.framework in Frameworks */,
			);
			runOnlyForDeploymentPostprocessing = 0;
		};
		38E0DA1E21F51C2000651235 /* Frameworks */ = {
			isa = PBXFrameworksBuildPhase;
			buildActionMask = 2147483647;
			files = (
				3850569A21F620D100E1452B /* Lottie.framework in Frameworks */,
				0A3B3B2498A3969E34C4879B /* Pods_Production.framework in Frameworks */,
			);
			runOnlyForDeploymentPostprocessing = 0;
		};
/* End PBXFrameworksBuildPhase section */

/* Begin PBXGroup section */
		383E8E9A21FBE5320087F74F /* Add */ = {
			isa = PBXGroup;
			children = (
				383E8E9B21FBE6300087F74F /* Add.storyboard */,
			);
			path = Add;
			sourceTree = "<group>";
		};
		3850568121F611AD00E1452B /* Frameworks */ = {
			isa = PBXGroup;
			children = (
				3850568221F611AE00E1452B /* Lottie.framework */,
				4AB5EE4B4782AB6521DF0F24 /* Pods_Personal_Finance.framework */,
				338018D003E44C24F91BA542 /* Pods_Production.framework */,
			);
			name = Frameworks;
			sourceTree = "<group>";
		};
		3850568F21F61DAB00E1452B /* Animation */ = {
			isa = PBXGroup;
			children = (
				3850569621F61FCC00E1452B /* day_of_the_dead_skull.json */,
				3850569021F61EF700E1452B /* Lottie.storyboard */,
				3850569321F61F1300E1452B /* LottieViewController.swift */,
			);
			path = Animation;
			sourceTree = "<group>";
		};
		385056A121F62B8C00E1452B /* Transactions */ = {
			isa = PBXGroup;
			children = (
				385056A221F62BC900E1452B /* Transactions.storyboard */,
				3864D0C621F643A2008C245B /* TransactionsViewController.swift */,
			);
			path = Transactions;
			sourceTree = "<group>";
		};
		3852967021FA511A00960C69 /* SignIn */ = {
			isa = PBXGroup;
			children = (
				3852967121FA513C00960C69 /* SignIn.storyboard */,
				38F6B9D42201EC8400819609 /* SignInViewController.swift */,
				38F6B9D72201ED4700819609 /* SignInViewModel.swift */,
			);
			path = SignIn;
			sourceTree = "<group>";
		};
		386469BF21F9FAD30077653E /* Authentication */ = {
			isa = PBXGroup;
			children = (
				3852967021FA511A00960C69 /* SignIn */,
				386469C021F9FAF70077653E /* OnBoarding */,
			);
			path = Authentication;
			sourceTree = "<group>";
		};
		386469C021F9FAF70077653E /* OnBoarding */ = {
			isa = PBXGroup;
			children = (
				386469C121FA12790077653E /* OnBoarding.storyboard */,
				386469C821FA1FFD0077653E /* OnBoardingViewController.swift */,
				3852966A21FA4B6000960C69 /* OnBoardingStepsViewController.swift */,
				3852966D21FA503D00960C69 /* OnBoardingContainerViewController.swift */,
			);
			path = OnBoarding;
			sourceTree = "<group>";
		};
		386469C421FA13C70077653E /* PrimaryButton */ = {
			isa = PBXGroup;
			children = (
				386469C521FA14450077653E /* PrimaryButton.xib */,
			);
			path = PrimaryButton;
			sourceTree = "<group>";
		};
		3864D0BF21F64323008C245B /* UI */ = {
			isa = PBXGroup;
			children = (
				386469C421FA13C70077653E /* PrimaryButton */,
				3864D0CC21F64C53008C245B /* TableViewCell */,
				3864D0C321F64342008C245B /* EmptyView.xib */,
				3864D0C921F64436008C245B /* UI.swift */,
			);
			path = UI;
			sourceTree = "<group>";
		};
		3864D0CC21F64C53008C245B /* TableViewCell */ = {
			isa = PBXGroup;
			children = (
				3864D0C021F64338008C245B /* TableViewCell.xib */,
				3864D0D021F64E62008C245B /* TableViewCell.swift */,
			);
			path = TableViewCell;
			sourceTree = "<group>";
		};
		38891F7C21F5271A003E04C0 /* Base */ = {
			isa = PBXGroup;
			children = (
				38E0DA0821F5121C00651235 /* AppDelegate.swift */,
				38F6B9DA2201FFBC00819609 /* GoogleService-Info.plist */,
				38E0DA1121F5121D00651235 /* LaunchScreen.storyboard */,
				38E0DA2721F51C2000651235 /* production.plist */,
				38E0DA1421F5121D00651235 /* Info.plist */,
			);
			path = Base;
			sourceTree = "<group>";
		};
		38891F7D21F52742003E04C0 /* Application */ = {
			isa = PBXGroup;
			children = (
				38D1335621FE90F7003A749C /* Statistics */,
				38D1335521FE90EC003A749C /* Profile */,
				383E8E9A21FBE5320087F74F /* Add */,
				386469BF21F9FAD30077653E /* Authentication */,
				38C9847421F8AF8F002E5A0E /* Budget */,
				3864D0BF21F64323008C245B /* UI */,
				385056A121F62B8C00E1452B /* Transactions */,
				3850568F21F61DAB00E1452B /* Animation */,
				38891F8021F52792003E04C0 /* Main */,
			);
			path = Application;
			sourceTree = "<group>";
		};
		38891F7E21F52764003E04C0 /* Resources */ = {
			isa = PBXGroup;
			children = (
				38FDB44E21F5591600AEF887 /* Colors */,
				38891F7F21F5277D003E04C0 /* Images */,
			);
			path = Resources;
			sourceTree = "<group>";
		};
		38891F7F21F5277D003E04C0 /* Images */ = {
			isa = PBXGroup;
			children = (
				3850568C21F61AA700E1452B /* Media.xcassets */,
			);
			path = Images;
			sourceTree = "<group>";
		};
		38891F8021F52792003E04C0 /* Main */ = {
			isa = PBXGroup;
			children = (
				38891F7A21F522E1003E04C0 /* MainDev.storyboard */,
				38E0DA2821F51D9F00651235 /* MainProd.storyboard */,
				3850569E21F62B2900E1452B /* Main.storyboard */,
				383E8E9721FBDF800087F74F /* TabBarViewController.swift */,
			);
			path = Main;
			sourceTree = "<group>";
		};
		38C9847021F8AAB5002E5A0E /* Extensions */ = {
			isa = PBXGroup;
			children = (
				38C9847121F8AADB002E5A0E /* Shadow.swift */,
			);
			path = Extensions;
			sourceTree = "<group>";
		};
		38C9847421F8AF8F002E5A0E /* Budget */ = {
			isa = PBXGroup;
			children = (
				38C9847821F8B261002E5A0E /* Budget.storyboard */,
				38C9847B21F8B376002E5A0E /* BudgetViewController.swift */,
			);
			path = Budget;
			sourceTree = "<group>";
		};
		38D1335521FE90EC003A749C /* Profile */ = {
			isa = PBXGroup;
			children = (
				38D1335721FE916A003A749C /* Profile.storyboard */,
			);
			path = Profile;
			sourceTree = "<group>";
		};
		38D1335621FE90F7003A749C /* Statistics */ = {
			isa = PBXGroup;
			children = (
				38D1335A21FE91D5003A749C /* Statistics.storyboard */,
			);
			path = Statistics;
			sourceTree = "<group>";
		};
		38E0D9FC21F5121C00651235 = {
			isa = PBXGroup;
			children = (
				3850567E21F610D600E1452B /* Cartfile */,
				38891F8121F528F7003E04C0 /* .gitignore */,
				38E0DA0721F5121C00651235 /* Personal Finance */,
				38E0DA0621F5121C00651235 /* Products */,
				3850568121F611AD00E1452B /* Frameworks */,
				BF7FEE0D50B908B17CD4A025 /* Pods */,
			);
			sourceTree = "<group>";
		};
		38E0DA0621F5121C00651235 /* Products */ = {
			isa = PBXGroup;
			children = (
				38E0DA0521F5121C00651235 /* Personal Finance.app */,
				38E0DA2621F51C2000651235 /* Production.app */,
			);
			name = Products;
			sourceTree = "<group>";
		};
		38E0DA0721F5121C00651235 /* Personal Finance */ = {
			isa = PBXGroup;
			children = (
				38C9847021F8AAB5002E5A0E /* Extensions */,
				38891F7E21F52764003E04C0 /* Resources */,
				38891F7D21F52742003E04C0 /* Application */,
				38891F7C21F5271A003E04C0 /* Base */,
			);
			path = "Personal Finance";
			sourceTree = "<group>";
		};
		38FDB44E21F5591600AEF887 /* Colors */ = {
			isa = PBXGroup;
			children = (
				38FDB44F21F5593900AEF887 /* Colors.xcassets */,
			);
			path = Colors;
			sourceTree = "<group>";
		};
		BF7FEE0D50B908B17CD4A025 /* Pods */ = {
			isa = PBXGroup;
			children = (
				CC4CB7B639198D43C80B20C7 /* Pods-Personal Finance.debug.xcconfig */,
				E532BC7A61D8036F466BAD3F /* Pods-Personal Finance.release.xcconfig */,
				C686C9B84B314F99B7B19350 /* Pods-Production.debug.xcconfig */,
				E39583890FAB3609AE7A7419 /* Pods-Production.release.xcconfig */,
			);
			name = Pods;
			sourceTree = "<group>";
		};
/* End PBXGroup section */

/* Begin PBXNativeTarget section */
		38E0DA0421F5121C00651235 /* Personal Finance */ = {
			isa = PBXNativeTarget;
			buildConfigurationList = 38E0DA1721F5121D00651235 /* Build configuration list for PBXNativeTarget "Personal Finance" */;
			buildPhases = (
				1B6CEB2817B9CB87EF64F5E5 /* [CP] Check Pods Manifest.lock */,
				38E0DA0121F5121C00651235 /* Sources */,
				38E0DA0221F5121C00651235 /* Frameworks */,
				38E0DA0321F5121C00651235 /* Resources */,
				3850568621F611B400E1452B /* Embed Frameworks */,
				3850568721F6123600E1452B /* ShellScript */,
				0F698D9E1474D324B48D23C7 /* [CP] Embed Pods Frameworks */,
			);
			buildRules = (
			);
			dependencies = (
			);
			name = "Personal Finance";
			productName = "Personal Finance";
			productReference = 38E0DA0521F5121C00651235 /* Personal Finance.app */;
			productType = "com.apple.product-type.application";
		};
		38E0DA1A21F51C2000651235 /* Production */ = {
			isa = PBXNativeTarget;
			buildConfigurationList = 38E0DA2321F51C2000651235 /* Build configuration list for PBXNativeTarget "Production" */;
			buildPhases = (
				87BE5549CEC1DD760D2D8CFB /* [CP] Check Pods Manifest.lock */,
				38E0DA1B21F51C2000651235 /* Sources */,
				38E0DA1E21F51C2000651235 /* Frameworks */,
				38E0DA1F21F51C2000651235 /* Resources */,
				3850569C21F620D100E1452B /* Embed Frameworks */,
				3850569D21F620DD00E1452B /* ShellScript */,
				EC3525C992C2C367B11C2854 /* [CP] Embed Pods Frameworks */,
			);
			buildRules = (
			);
			dependencies = (
			);
			name = Production;
			productName = "Personal Finance";
			productReference = 38E0DA2621F51C2000651235 /* Production.app */;
			productType = "com.apple.product-type.application";
		};
/* End PBXNativeTarget section */

/* Begin PBXProject section */
		38E0D9FD21F5121C00651235 /* Project object */ = {
			isa = PBXProject;
			attributes = {
				LastSwiftUpdateCheck = 1010;
				LastUpgradeCheck = 1010;
				ORGANIZATIONNAME = "Alfredo Villagomez";
				TargetAttributes = {
					38E0DA0421F5121C00651235 = {
						CreatedOnToolsVersion = 10.1;
					};
				};
			};
			buildConfigurationList = 38E0DA0021F5121C00651235 /* Build configuration list for PBXProject "Personal Finance" */;
			compatibilityVersion = "Xcode 9.3";
			developmentRegion = en;
			hasScannedForEncodings = 0;
			knownRegions = (
				en,
				Base,
			);
			mainGroup = 38E0D9FC21F5121C00651235;
			productRefGroup = 38E0DA0621F5121C00651235 /* Products */;
			projectDirPath = "";
			projectRoot = "";
			targets = (
				38E0DA0421F5121C00651235 /* Personal Finance */,
				38E0DA1A21F51C2000651235 /* Production */,
			);
		};
/* End PBXProject section */

/* Begin PBXResourcesBuildPhase section */
		38E0DA0321F5121C00651235 /* Resources */ = {
			isa = PBXResourcesBuildPhase;
			buildActionMask = 2147483647;
			files = (
				3852967221FA513C00960C69 /* SignIn.storyboard in Resources */,
				3850569121F61EF700E1452B /* Lottie.storyboard in Resources */,
				3850567F21F610D600E1452B /* Cartfile in Resources */,
				38FDB45021F5593900AEF887 /* Colors.xcassets in Resources */,
				3864D0C121F64338008C245B /* TableViewCell.xib in Resources */,
				383E8E9C21FBE6300087F74F /* Add.storyboard in Resources */,
				38D1335821FE916A003A749C /* Profile.storyboard in Resources */,
				38F6B9DB2201FFBD00819609 /* GoogleService-Info.plist in Resources */,
				3864D0C421F64342008C245B /* EmptyView.xib in Resources */,
				3850569721F61FCC00E1452B /* day_of_the_dead_skull.json in Resources */,
				3850568D21F61AA700E1452B /* Media.xcassets in Resources */,
				38891F8221F528F7003E04C0 /* .gitignore in Resources */,
				3850569F21F62B2900E1452B /* Main.storyboard in Resources */,
				38E0DA1321F5121D00651235 /* LaunchScreen.storyboard in Resources */,
				38891F7B21F522E1003E04C0 /* MainDev.storyboard in Resources */,
				386469C221FA12790077653E /* OnBoarding.storyboard in Resources */,
				38D1335B21FE91D5003A749C /* Statistics.storyboard in Resources */,
				38C9847921F8B261002E5A0E /* Budget.storyboard in Resources */,
				385056A321F62BC900E1452B /* Transactions.storyboard in Resources */,
				386469C621FA14450077653E /* PrimaryButton.xib in Resources */,
			);
			runOnlyForDeploymentPostprocessing = 0;
		};
		38E0DA1F21F51C2000651235 /* Resources */ = {
			isa = PBXResourcesBuildPhase;
			buildActionMask = 2147483647;
			files = (
				3850568021F610D600E1452B /* Cartfile in Resources */,
				38D1335921FE916A003A749C /* Profile.storyboard in Resources */,
				3864D0C221F64338008C245B /* TableViewCell.xib in Resources */,
				38D1335C21FE91D5003A749C /* Statistics.storyboard in Resources */,
				386469C721FA14450077653E /* PrimaryButton.xib in Resources */,
				385056A021F62B2900E1452B /* Main.storyboard in Resources */,
				383E8E9D21FBE6300087F74F /* Add.storyboard in Resources */,
				3852967321FA513C00960C69 /* SignIn.storyboard in Resources */,
				385056A421F62BC900E1452B /* Transactions.storyboard in Resources */,
				3850569221F61EF700E1452B /* Lottie.storyboard in Resources */,
				38C9847A21F8B261002E5A0E /* Budget.storyboard in Resources */,
				38891F8321F528F7003E04C0 /* .gitignore in Resources */,
				3850568E21F61AA700E1452B /* Media.xcassets in Resources */,
				38F6B9DC2201FFBD00819609 /* GoogleService-Info.plist in Resources */,
				38E0DA2921F51D9F00651235 /* MainProd.storyboard in Resources */,
				38E0DA2A21F51E7500651235 /* production.plist in Resources */,
				3864D0C521F64342008C245B /* EmptyView.xib in Resources */,
				3850569821F61FCC00E1452B /* day_of_the_dead_skull.json in Resources */,
				38E0DA2021F51C2000651235 /* LaunchScreen.storyboard in Resources */,
				3850568B21F6170100E1452B /* Colors.xcassets in Resources */,
				386469C321FA12790077653E /* OnBoarding.storyboard in Resources */,
			);
			runOnlyForDeploymentPostprocessing = 0;
		};
/* End PBXResourcesBuildPhase section */

/* Begin PBXShellScriptBuildPhase section */
		0F698D9E1474D324B48D23C7 /* [CP] Embed Pods Frameworks */ = {
			isa = PBXShellScriptBuildPhase;
			buildActionMask = 2147483647;
			files = (
			);
			inputFileListPaths = (
			);
			inputPaths = (
				"${SRCROOT}/Pods/Target Support Files/Pods-Personal Finance/Pods-Personal Finance-frameworks.sh",
				"${BUILT_PRODUCTS_DIR}/GTMSessionFetcher/GTMSessionFetcher.framework",
				"${BUILT_PRODUCTS_DIR}/GoogleUtilities/GoogleUtilities.framework",
				"${BUILT_PRODUCTS_DIR}/Keys/Keys.framework",
				"${BUILT_PRODUCTS_DIR}/nanopb/nanopb.framework",
			);
			name = "[CP] Embed Pods Frameworks";
			outputFileListPaths = (
			);
			outputPaths = (
				"${TARGET_BUILD_DIR}/${FRAMEWORKS_FOLDER_PATH}/GTMSessionFetcher.framework",
				"${TARGET_BUILD_DIR}/${FRAMEWORKS_FOLDER_PATH}/GoogleUtilities.framework",
				"${TARGET_BUILD_DIR}/${FRAMEWORKS_FOLDER_PATH}/Keys.framework",
				"${TARGET_BUILD_DIR}/${FRAMEWORKS_FOLDER_PATH}/nanopb.framework",
			);
			runOnlyForDeploymentPostprocessing = 0;
			shellPath = /bin/sh;
			shellScript = "\"${SRCROOT}/Pods/Target Support Files/Pods-Personal Finance/Pods-Personal Finance-frameworks.sh\"\n";
			showEnvVarsInLog = 0;
		};
		1B6CEB2817B9CB87EF64F5E5 /* [CP] Check Pods Manifest.lock */ = {
			isa = PBXShellScriptBuildPhase;
			buildActionMask = 2147483647;
			files = (
			);
			inputFileListPaths = (
			);
			inputPaths = (
				"${PODS_PODFILE_DIR_PATH}/Podfile.lock",
				"${PODS_ROOT}/Manifest.lock",
			);
			name = "[CP] Check Pods Manifest.lock";
			outputFileListPaths = (
			);
			outputPaths = (
				"$(DERIVED_FILE_DIR)/Pods-Personal Finance-checkManifestLockResult.txt",
			);
			runOnlyForDeploymentPostprocessing = 0;
			shellPath = /bin/sh;
			shellScript = "diff \"${PODS_PODFILE_DIR_PATH}/Podfile.lock\" \"${PODS_ROOT}/Manifest.lock\" > /dev/null\nif [ $? != 0 ] ; then\n    # print error to STDERR\n    echo \"error: The sandbox is not in sync with the Podfile.lock. Run 'pod install' or update your CocoaPods installation.\" >&2\n    exit 1\nfi\n# This output is used by Xcode 'outputs' to avoid re-running this script phase.\necho \"SUCCESS\" > \"${SCRIPT_OUTPUT_FILE_0}\"\n";
			showEnvVarsInLog = 0;
		};
		3850568721F6123600E1452B /* ShellScript */ = {
			isa = PBXShellScriptBuildPhase;
			buildActionMask = 2147483647;
			files = (
			);
			inputFileListPaths = (
			);
			inputPaths = (
				"$(SRCROOT)/Carthage/Build/iOS/Lottie.framework",
			);
			outputFileListPaths = (
			);
			outputPaths = (
			);
			runOnlyForDeploymentPostprocessing = 0;
			shellPath = /bin/sh;
			shellScript = "# Type a script or drag a script file from your workspace to insert its path.\n/usr/local/bin/carthage copy-frameworks\n";
		};
		3850569D21F620DD00E1452B /* ShellScript */ = {
			isa = PBXShellScriptBuildPhase;
			buildActionMask = 2147483647;
			files = (
			);
			inputFileListPaths = (
			);
			inputPaths = (
				"$(SRCROOT)/Carthage/Build/iOS/Lottie.framework",
			);
			outputFileListPaths = (
			);
			outputPaths = (
			);
			runOnlyForDeploymentPostprocessing = 0;
			shellPath = /bin/sh;
			shellScript = "# Type a script or drag a script file from your workspace to insert its path.\n/usr/local/bin/carthage copy-frameworks\n";
		};
		87BE5549CEC1DD760D2D8CFB /* [CP] Check Pods Manifest.lock */ = {
			isa = PBXShellScriptBuildPhase;
			buildActionMask = 2147483647;
			files = (
			);
			inputFileListPaths = (
			);
			inputPaths = (
				"${PODS_PODFILE_DIR_PATH}/Podfile.lock",
				"${PODS_ROOT}/Manifest.lock",
			);
			name = "[CP] Check Pods Manifest.lock";
			outputFileListPaths = (
			);
			outputPaths = (
				"$(DERIVED_FILE_DIR)/Pods-Production-checkManifestLockResult.txt",
			);
			runOnlyForDeploymentPostprocessing = 0;
			shellPath = /bin/sh;
			shellScript = "diff \"${PODS_PODFILE_DIR_PATH}/Podfile.lock\" \"${PODS_ROOT}/Manifest.lock\" > /dev/null\nif [ $? != 0 ] ; then\n    # print error to STDERR\n    echo \"error: The sandbox is not in sync with the Podfile.lock. Run 'pod install' or update your CocoaPods installation.\" >&2\n    exit 1\nfi\n# This output is used by Xcode 'outputs' to avoid re-running this script phase.\necho \"SUCCESS\" > \"${SCRIPT_OUTPUT_FILE_0}\"\n";
			showEnvVarsInLog = 0;
		};
		EC3525C992C2C367B11C2854 /* [CP] Embed Pods Frameworks */ = {
			isa = PBXShellScriptBuildPhase;
			buildActionMask = 2147483647;
			files = (
			);
			inputFileListPaths = (
			);
			inputPaths = (
				"${SRCROOT}/Pods/Target Support Files/Pods-Production/Pods-Production-frameworks.sh",
				"${BUILT_PRODUCTS_DIR}/GTMSessionFetcher/GTMSessionFetcher.framework",
				"${BUILT_PRODUCTS_DIR}/GoogleUtilities/GoogleUtilities.framework",
				"${BUILT_PRODUCTS_DIR}/nanopb/nanopb.framework",
			);
			name = "[CP] Embed Pods Frameworks";
			outputFileListPaths = (
			);
			outputPaths = (
				"${TARGET_BUILD_DIR}/${FRAMEWORKS_FOLDER_PATH}/GTMSessionFetcher.framework",
				"${TARGET_BUILD_DIR}/${FRAMEWORKS_FOLDER_PATH}/GoogleUtilities.framework",
				"${TARGET_BUILD_DIR}/${FRAMEWORKS_FOLDER_PATH}/nanopb.framework",
			);
			runOnlyForDeploymentPostprocessing = 0;
			shellPath = /bin/sh;
			shellScript = "\"${SRCROOT}/Pods/Target Support Files/Pods-Production/Pods-Production-frameworks.sh\"\n";
			showEnvVarsInLog = 0;
		};
/* End PBXShellScriptBuildPhase section */

/* Begin PBXSourcesBuildPhase section */
		38E0DA0121F5121C00651235 /* Sources */ = {
			isa = PBXSourcesBuildPhase;
			buildActionMask = 2147483647;
			files = (
				3864D0D121F64E62008C245B /* TableViewCell.swift in Sources */,
				38C9847C21F8B376002E5A0E /* BudgetViewController.swift in Sources */,
				383E8E9821FBDF800087F74F /* TabBarViewController.swift in Sources */,
				38E0DA0921F5121C00651235 /* AppDelegate.swift in Sources */,
				38F6B9D82201ED4700819609 /* SignInViewModel.swift in Sources */,
				386469C921FA1FFD0077653E /* OnBoardingViewController.swift in Sources */,
				3852966B21FA4B6000960C69 /* OnBoardingStepsViewController.swift in Sources */,
				3864D0CA21F64436008C245B /* UI.swift in Sources */,
				38C9847221F8AADB002E5A0E /* Shadow.swift in Sources */,
				38F6B9D52201EC8400819609 /* SignInViewController.swift in Sources */,
				3852966E21FA503D00960C69 /* OnBoardingContainerViewController.swift in Sources */,
				3850569421F61F1300E1452B /* LottieViewController.swift in Sources */,
				3864D0C721F643A2008C245B /* TransactionsViewController.swift in Sources */,
			);
			runOnlyForDeploymentPostprocessing = 0;
		};
		38E0DA1B21F51C2000651235 /* Sources */ = {
			isa = PBXSourcesBuildPhase;
			buildActionMask = 2147483647;
			files = (
				3864D0D221F64E62008C245B /* TableViewCell.swift in Sources */,
				38C9847D21F8B376002E5A0E /* BudgetViewController.swift in Sources */,
				383E8E9921FBDF800087F74F /* TabBarViewController.swift in Sources */,
				38E0DA1D21F51C2000651235 /* AppDelegate.swift in Sources */,
				38F6B9D92201ED4700819609 /* SignInViewModel.swift in Sources */,
				386469CA21FA1FFD0077653E /* OnBoardingViewController.swift in Sources */,
				3852966C21FA4B6000960C69 /* OnBoardingStepsViewController.swift in Sources */,
				3864D0CB21F64436008C245B /* UI.swift in Sources */,
				38C9847321F8AADB002E5A0E /* Shadow.swift in Sources */,
				38F6B9D62201EC8400819609 /* SignInViewController.swift in Sources */,
				3852966F21FA503D00960C69 /* OnBoardingContainerViewController.swift in Sources */,
				3850569521F61F1300E1452B /* LottieViewController.swift in Sources */,
				3864D0C821F643A2008C245B /* TransactionsViewController.swift in Sources */,
			);
			runOnlyForDeploymentPostprocessing = 0;
		};
/* End PBXSourcesBuildPhase section */

/* Begin PBXVariantGroup section */
		38E0DA1121F5121D00651235 /* LaunchScreen.storyboard */ = {
			isa = PBXVariantGroup;
			children = (
				38E0DA1221F5121D00651235 /* Base */,
			);
			name = LaunchScreen.storyboard;
			sourceTree = "<group>";
		};
/* End PBXVariantGroup section */

/* Begin XCBuildConfiguration section */
		38E0DA1521F5121D00651235 /* Debug */ = {
			isa = XCBuildConfiguration;
			buildSettings = {
				ALWAYS_SEARCH_USER_PATHS = NO;
				CLANG_ANALYZER_NONNULL = YES;
				CLANG_ANALYZER_NUMBER_OBJECT_CONVERSION = YES_AGGRESSIVE;
				CLANG_CXX_LANGUAGE_STANDARD = "gnu++14";
				CLANG_CXX_LIBRARY = "libc++";
				CLANG_ENABLE_MODULES = YES;
				CLANG_ENABLE_OBJC_ARC = YES;
				CLANG_ENABLE_OBJC_WEAK = YES;
				CLANG_WARN_BLOCK_CAPTURE_AUTORELEASING = YES;
				CLANG_WARN_BOOL_CONVERSION = YES;
				CLANG_WARN_COMMA = YES;
				CLANG_WARN_CONSTANT_CONVERSION = YES;
				CLANG_WARN_DEPRECATED_OBJC_IMPLEMENTATIONS = YES;
				CLANG_WARN_DIRECT_OBJC_ISA_USAGE = YES_ERROR;
				CLANG_WARN_DOCUMENTATION_COMMENTS = YES;
				CLANG_WARN_EMPTY_BODY = YES;
				CLANG_WARN_ENUM_CONVERSION = YES;
				CLANG_WARN_INFINITE_RECURSION = YES;
				CLANG_WARN_INT_CONVERSION = YES;
				CLANG_WARN_NON_LITERAL_NULL_CONVERSION = YES;
				CLANG_WARN_OBJC_IMPLICIT_RETAIN_SELF = YES;
				CLANG_WARN_OBJC_LITERAL_CONVERSION = YES;
				CLANG_WARN_OBJC_ROOT_CLASS = YES_ERROR;
				CLANG_WARN_RANGE_LOOP_ANALYSIS = YES;
				CLANG_WARN_STRICT_PROTOTYPES = YES;
				CLANG_WARN_SUSPICIOUS_MOVE = YES;
				CLANG_WARN_UNGUARDED_AVAILABILITY = YES_AGGRESSIVE;
				CLANG_WARN_UNREACHABLE_CODE = YES;
				CLANG_WARN__DUPLICATE_METHOD_MATCH = YES;
				CODE_SIGN_IDENTITY = "iPhone Developer";
				COPY_PHASE_STRIP = NO;
				DEBUG_INFORMATION_FORMAT = dwarf;
				ENABLE_STRICT_OBJC_MSGSEND = YES;
				ENABLE_TESTABILITY = YES;
				GCC_C_LANGUAGE_STANDARD = gnu11;
				GCC_DYNAMIC_NO_PIC = NO;
				GCC_NO_COMMON_BLOCKS = YES;
				GCC_OPTIMIZATION_LEVEL = 0;
				GCC_PREPROCESSOR_DEFINITIONS = (
					"DEBUG=1",
					"$(inherited)",
				);
				GCC_WARN_64_TO_32_BIT_CONVERSION = YES;
				GCC_WARN_ABOUT_RETURN_TYPE = YES_ERROR;
				GCC_WARN_UNDECLARED_SELECTOR = YES;
				GCC_WARN_UNINITIALIZED_AUTOS = YES_AGGRESSIVE;
				GCC_WARN_UNUSED_FUNCTION = YES;
				GCC_WARN_UNUSED_VARIABLE = YES;
				IPHONEOS_DEPLOYMENT_TARGET = 12.1;
				MTL_ENABLE_DEBUG_INFO = INCLUDE_SOURCE;
				MTL_FAST_MATH = YES;
				ONLY_ACTIVE_ARCH = YES;
				SDKROOT = iphoneos;
				SWIFT_ACTIVE_COMPILATION_CONDITIONS = DEBUG;
				SWIFT_OPTIMIZATION_LEVEL = "-Onone";
			};
			name = Debug;
		};
		38E0DA1621F5121D00651235 /* Release */ = {
			isa = XCBuildConfiguration;
			buildSettings = {
				ALWAYS_SEARCH_USER_PATHS = NO;
				CLANG_ANALYZER_NONNULL = YES;
				CLANG_ANALYZER_NUMBER_OBJECT_CONVERSION = YES_AGGRESSIVE;
				CLANG_CXX_LANGUAGE_STANDARD = "gnu++14";
				CLANG_CXX_LIBRARY = "libc++";
				CLANG_ENABLE_MODULES = YES;
				CLANG_ENABLE_OBJC_ARC = YES;
				CLANG_ENABLE_OBJC_WEAK = YES;
				CLANG_WARN_BLOCK_CAPTURE_AUTORELEASING = YES;
				CLANG_WARN_BOOL_CONVERSION = YES;
				CLANG_WARN_COMMA = YES;
				CLANG_WARN_CONSTANT_CONVERSION = YES;
				CLANG_WARN_DEPRECATED_OBJC_IMPLEMENTATIONS = YES;
				CLANG_WARN_DIRECT_OBJC_ISA_USAGE = YES_ERROR;
				CLANG_WARN_DOCUMENTATION_COMMENTS = YES;
				CLANG_WARN_EMPTY_BODY = YES;
				CLANG_WARN_ENUM_CONVERSION = YES;
				CLANG_WARN_INFINITE_RECURSION = YES;
				CLANG_WARN_INT_CONVERSION = YES;
				CLANG_WARN_NON_LITERAL_NULL_CONVERSION = YES;
				CLANG_WARN_OBJC_IMPLICIT_RETAIN_SELF = YES;
				CLANG_WARN_OBJC_LITERAL_CONVERSION = YES;
				CLANG_WARN_OBJC_ROOT_CLASS = YES_ERROR;
				CLANG_WARN_RANGE_LOOP_ANALYSIS = YES;
				CLANG_WARN_STRICT_PROTOTYPES = YES;
				CLANG_WARN_SUSPICIOUS_MOVE = YES;
				CLANG_WARN_UNGUARDED_AVAILABILITY = YES_AGGRESSIVE;
				CLANG_WARN_UNREACHABLE_CODE = YES;
				CLANG_WARN__DUPLICATE_METHOD_MATCH = YES;
				CODE_SIGN_IDENTITY = "iPhone Developer";
				COPY_PHASE_STRIP = NO;
				DEBUG_INFORMATION_FORMAT = "dwarf-with-dsym";
				ENABLE_NS_ASSERTIONS = NO;
				ENABLE_STRICT_OBJC_MSGSEND = YES;
				GCC_C_LANGUAGE_STANDARD = gnu11;
				GCC_NO_COMMON_BLOCKS = YES;
				GCC_WARN_64_TO_32_BIT_CONVERSION = YES;
				GCC_WARN_ABOUT_RETURN_TYPE = YES_ERROR;
				GCC_WARN_UNDECLARED_SELECTOR = YES;
				GCC_WARN_UNINITIALIZED_AUTOS = YES_AGGRESSIVE;
				GCC_WARN_UNUSED_FUNCTION = YES;
				GCC_WARN_UNUSED_VARIABLE = YES;
				IPHONEOS_DEPLOYMENT_TARGET = 12.1;
				MTL_ENABLE_DEBUG_INFO = NO;
				MTL_FAST_MATH = YES;
				SDKROOT = iphoneos;
				SWIFT_COMPILATION_MODE = wholemodule;
				SWIFT_OPTIMIZATION_LEVEL = "-O";
				VALIDATE_PRODUCT = YES;
			};
			name = Release;
		};
		38E0DA1821F5121D00651235 /* Debug */ = {
			isa = XCBuildConfiguration;
			baseConfigurationReference = CC4CB7B639198D43C80B20C7 /* Pods-Personal Finance.debug.xcconfig */;
			buildSettings = {
				ASSETCATALOG_COMPILER_APPICON_NAME = AppIcon;
				CODE_SIGN_STYLE = Automatic;
				DEVELOPMENT_TEAM = 5E99QS6RV6;
				FRAMEWORK_SEARCH_PATHS = (
					"$(inherited)",
					"$(PROJECT_DIR)/Carthage/Build/iOS",
				);
				INFOPLIST_FILE = "$(SRCROOT)/Personal Finance/Base/Info.plist";
				LD_RUNPATH_SEARCH_PATHS = (
					"$(inherited)",
					"@executable_path/Frameworks",
				);
				PRODUCT_BUNDLE_IDENTIFIER = "website.alfredo.Personal-Finance";
				PRODUCT_NAME = "$(TARGET_NAME)";
				SWIFT_VERSION = 4.2;
				TARGETED_DEVICE_FAMILY = "1,2";
			};
			name = Debug;
		};
		38E0DA1921F5121D00651235 /* Release */ = {
			isa = XCBuildConfiguration;
			baseConfigurationReference = E532BC7A61D8036F466BAD3F /* Pods-Personal Finance.release.xcconfig */;
			buildSettings = {
				ASSETCATALOG_COMPILER_APPICON_NAME = AppIcon;
				CODE_SIGN_STYLE = Automatic;
				DEVELOPMENT_TEAM = 5E99QS6RV6;
				FRAMEWORK_SEARCH_PATHS = (
					"$(inherited)",
					"$(PROJECT_DIR)/Carthage/Build/iOS",
				);
				INFOPLIST_FILE = "$(SRCROOT)/Personal Finance/Base/Info.plist";
				LD_RUNPATH_SEARCH_PATHS = (
					"$(inherited)",
					"@executable_path/Frameworks",
				);
				PRODUCT_BUNDLE_IDENTIFIER = "website.alfredo.Personal-Finance";
				PRODUCT_NAME = "$(TARGET_NAME)";
				SWIFT_VERSION = 4.2;
				TARGETED_DEVICE_FAMILY = "1,2";
			};
			name = Release;
		};
		38E0DA2421F51C2000651235 /* Debug */ = {
			isa = XCBuildConfiguration;
			baseConfigurationReference = C686C9B84B314F99B7B19350 /* Pods-Production.debug.xcconfig */;
			buildSettings = {
				ASSETCATALOG_COMPILER_APPICON_NAME = AppIcon;
				CODE_SIGN_STYLE = Automatic;
				DEVELOPMENT_TEAM = 5E99QS6RV6;
				FRAMEWORK_SEARCH_PATHS = (
					"$(inherited)",
					"$(PROJECT_DIR)/Carthage/Build/iOS",
				);
				INFOPLIST_FILE = "$(SRCROOT)/production.plist";
				LD_RUNPATH_SEARCH_PATHS = (
					"$(inherited)",
					"@executable_path/Frameworks",
				);
				PRODUCT_BUNDLE_IDENTIFIER = "website.alfredo.Personal-Finance";
				PRODUCT_NAME = "$(TARGET_NAME)";
				SWIFT_VERSION = 4.2;
				TARGETED_DEVICE_FAMILY = "1,2";
			};
			name = Debug;
		};
		38E0DA2521F51C2000651235 /* Release */ = {
			isa = XCBuildConfiguration;
			baseConfigurationReference = E39583890FAB3609AE7A7419 /* Pods-Production.release.xcconfig */;
			buildSettings = {
				ASSETCATALOG_COMPILER_APPICON_NAME = AppIcon;
				CODE_SIGN_STYLE = Automatic;
				DEVELOPMENT_TEAM = 5E99QS6RV6;
				FRAMEWORK_SEARCH_PATHS = (
					"$(inherited)",
					"$(PROJECT_DIR)/Carthage/Build/iOS",
				);
				INFOPLIST_FILE = "$(SRCROOT)/production.plist";
				LD_RUNPATH_SEARCH_PATHS = (
					"$(inherited)",
					"@executable_path/Frameworks",
				);
				PRODUCT_BUNDLE_IDENTIFIER = "website.alfredo.Personal-Finance";
				PRODUCT_NAME = "$(TARGET_NAME)";
				SWIFT_VERSION = 4.2;
				TARGETED_DEVICE_FAMILY = "1,2";
			};
			name = Release;
		};
/* End XCBuildConfiguration section */

/* Begin XCConfigurationList section */
		38E0DA0021F5121C00651235 /* Build configuration list for PBXProject "Personal Finance" */ = {
			isa = XCConfigurationList;
			buildConfigurations = (
				38E0DA1521F5121D00651235 /* Debug */,
				38E0DA1621F5121D00651235 /* Release */,
			);
			defaultConfigurationIsVisible = 0;
			defaultConfigurationName = Release;
		};
		38E0DA1721F5121D00651235 /* Build configuration list for PBXNativeTarget "Personal Finance" */ = {
			isa = XCConfigurationList;
			buildConfigurations = (
				38E0DA1821F5121D00651235 /* Debug */,
				38E0DA1921F5121D00651235 /* Release */,
			);
			defaultConfigurationIsVisible = 0;
			defaultConfigurationName = Release;
		};
		38E0DA2321F51C2000651235 /* Build configuration list for PBXNativeTarget "Production" */ = {
			isa = XCConfigurationList;
			buildConfigurations = (
				38E0DA2421F51C2000651235 /* Debug */,
				38E0DA2521F51C2000651235 /* Release */,
			);
			defaultConfigurationIsVisible = 0;
			defaultConfigurationName = Release;
		};
/* End XCConfigurationList section */
	};
	rootObject = 38E0D9FD21F5121C00651235 /* Project object */;
}
